// !$*UTF8*$!
{
	archiveVersion = 1;
	classes = {
	};
	objectVersion = 48;
	objects = {

/* Begin PBXBuildFile section */
		A32758A4B5C0DCDAC21CF767 /* Pods_ReactiveMVVM.framework in Frameworks */ = {isa = PBXBuildFile; fileRef = 0F044587252D9AA317651414 /* Pods_ReactiveMVVM.framework */; };
		A52DAC2D1FF407E000A87ED6 /* DateFormatter+Extensions.swift in Sources */ = {isa = PBXBuildFile; fileRef = A52DAC2C1FF407E000A87ED6 /* DateFormatter+Extensions.swift */; };
		A5D562811FF293490060046F /* Request.swift in Sources */ = {isa = PBXBuildFile; fileRef = A5D562801FF293490060046F /* Request.swift */; };
		A5D562831FF293730060046F /* NasaBridge.swift in Sources */ = {isa = PBXBuildFile; fileRef = A5D562821FF293730060046F /* NasaBridge.swift */; };
		A5D562851FF296C90060046F /* SessionManager.swift in Sources */ = {isa = PBXBuildFile; fileRef = A5D562841FF296C90060046F /* SessionManager.swift */; };
		A5D562881FF2AAE90060046F /* APOD.swift in Sources */ = {isa = PBXBuildFile; fileRef = A5D562871FF2AAE90060046F /* APOD.swift */; };
		A5D5628B1FF3EB840060046F /* GatewayViewModel.swift in Sources */ = {isa = PBXBuildFile; fileRef = A5D5628A1FF3EB840060046F /* GatewayViewModel.swift */; };
		A5D5628F1FF3F3920060046F /* App.swift in Sources */ = {isa = PBXBuildFile; fileRef = A5D5628E1FF3F3920060046F /* App.swift */; };
		A5F341641FF1AF22002D1B67 /* AppDelegate.swift in Sources */ = {isa = PBXBuildFile; fileRef = A5F341631FF1AF22002D1B67 /* AppDelegate.swift */; };
		A5F341661FF1AF22002D1B67 /* GatewayViewController.swift in Sources */ = {isa = PBXBuildFile; fileRef = A5F341651FF1AF22002D1B67 /* GatewayViewController.swift */; };
		A5F341691FF1AF22002D1B67 /* Main.storyboard in Resources */ = {isa = PBXBuildFile; fileRef = A5F341671FF1AF22002D1B67 /* Main.storyboard */; };
		A5F3416B1FF1AF22002D1B67 /* Assets.xcassets in Resources */ = {isa = PBXBuildFile; fileRef = A5F3416A1FF1AF22002D1B67 /* Assets.xcassets */; };
		A5F3416E1FF1AF22002D1B67 /* LaunchScreen.storyboard in Resources */ = {isa = PBXBuildFile; fileRef = A5F3416C1FF1AF22002D1B67 /* LaunchScreen.storyboard */; };
/* End PBXBuildFile section */

/* Begin PBXFileReference section */
		0F044587252D9AA317651414 /* Pods_ReactiveMVVM.framework */ = {isa = PBXFileReference; explicitFileType = wrapper.framework; includeInIndex = 0; path = Pods_ReactiveMVVM.framework; sourceTree = BUILT_PRODUCTS_DIR; };
		A52DAC2C1FF407E000A87ED6 /* DateFormatter+Extensions.swift */ = {isa = PBXFileReference; lastKnownFileType = sourcecode.swift; path = "DateFormatter+Extensions.swift"; sourceTree = "<group>"; };
		A5D562801FF293490060046F /* Request.swift */ = {isa = PBXFileReference; lastKnownFileType = sourcecode.swift; path = Request.swift; sourceTree = "<group>"; };
		A5D562821FF293730060046F /* NasaBridge.swift */ = {isa = PBXFileReference; lastKnownFileType = sourcecode.swift; path = NasaBridge.swift; sourceTree = "<group>"; };
		A5D562841FF296C90060046F /* SessionManager.swift */ = {isa = PBXFileReference; lastKnownFileType = sourcecode.swift; path = SessionManager.swift; sourceTree = "<group>"; };
		A5D562871FF2AAE90060046F /* APOD.swift */ = {isa = PBXFileReference; lastKnownFileType = sourcecode.swift; path = APOD.swift; sourceTree = "<group>"; };
		A5D5628A1FF3EB840060046F /* GatewayViewModel.swift */ = {isa = PBXFileReference; lastKnownFileType = sourcecode.swift; path = GatewayViewModel.swift; sourceTree = "<group>"; };
		A5D5628E1FF3F3920060046F /* App.swift */ = {isa = PBXFileReference; lastKnownFileType = sourcecode.swift; path = App.swift; sourceTree = "<group>"; };
		A5F341601FF1AF22002D1B67 /* ReactiveMVVM.app */ = {isa = PBXFileReference; explicitFileType = wrapper.application; includeInIndex = 0; path = ReactiveMVVM.app; sourceTree = BUILT_PRODUCTS_DIR; };
		A5F341631FF1AF22002D1B67 /* AppDelegate.swift */ = {isa = PBXFileReference; lastKnownFileType = sourcecode.swift; path = AppDelegate.swift; sourceTree = "<group>"; };
		A5F341651FF1AF22002D1B67 /* GatewayViewController.swift */ = {isa = PBXFileReference; lastKnownFileType = sourcecode.swift; path = GatewayViewController.swift; sourceTree = "<group>"; };
		A5F341681FF1AF22002D1B67 /* Base */ = {isa = PBXFileReference; lastKnownFileType = file.storyboard; name = Base; path = Base.lproj/Main.storyboard; sourceTree = "<group>"; };
		A5F3416A1FF1AF22002D1B67 /* Assets.xcassets */ = {isa = PBXFileReference; lastKnownFileType = folder.assetcatalog; path = Assets.xcassets; sourceTree = "<group>"; };
		A5F3416D1FF1AF22002D1B67 /* Base */ = {isa = PBXFileReference; lastKnownFileType = file.storyboard; name = Base; path = Base.lproj/LaunchScreen.storyboard; sourceTree = "<group>"; };
		A5F3416F1FF1AF22002D1B67 /* Info.plist */ = {isa = PBXFileReference; lastKnownFileType = text.plist.xml; path = Info.plist; sourceTree = "<group>"; };
		EAFF510ADC06DE0F96476547 /* Pods-ReactiveMVVM.debug.xcconfig */ = {isa = PBXFileReference; includeInIndex = 1; lastKnownFileType = text.xcconfig; name = "Pods-ReactiveMVVM.debug.xcconfig"; path = "Pods/Target Support Files/Pods-ReactiveMVVM/Pods-ReactiveMVVM.debug.xcconfig"; sourceTree = "<group>"; };
		F344304E9CB8965E9DA96AA9 /* Pods-ReactiveMVVM.release.xcconfig */ = {isa = PBXFileReference; includeInIndex = 1; lastKnownFileType = text.xcconfig; name = "Pods-ReactiveMVVM.release.xcconfig"; path = "Pods/Target Support Files/Pods-ReactiveMVVM/Pods-ReactiveMVVM.release.xcconfig"; sourceTree = "<group>"; };
/* End PBXFileReference section */

/* Begin PBXFrameworksBuildPhase section */
		A5F3415D1FF1AF22002D1B67 /* Frameworks */ = {
			isa = PBXFrameworksBuildPhase;
			buildActionMask = 2147483647;
			files = (
				A32758A4B5C0DCDAC21CF767 /* Pods_ReactiveMVVM.framework in Frameworks */,
			);
			runOnlyForDeploymentPostprocessing = 0;
		};
/* End PBXFrameworksBuildPhase section */

/* Begin PBXGroup section */
		1FCCF4C90FBA8620AF143C26 /* Pods */ = {
			isa = PBXGroup;
			children = (
				EAFF510ADC06DE0F96476547 /* Pods-ReactiveMVVM.debug.xcconfig */,
				F344304E9CB8965E9DA96AA9 /* Pods-ReactiveMVVM.release.xcconfig */,
			);
			name = Pods;
			sourceTree = "<group>";
		};
		5B5010C5F9EE91B7B9BE99CD /* Frameworks */ = {
			isa = PBXGroup;
			children = (
				0F044587252D9AA317651414 /* Pods_ReactiveMVVM.framework */,
			);
			name = Frameworks;
			sourceTree = "<group>";
		};
		A52DAC2B1FF407D200A87ED6 /* Extensions */ = {
			isa = PBXGroup;
			children = (
				A52DAC2C1FF407E000A87ED6 /* DateFormatter+Extensions.swift */,
			);
			path = Extensions;
			sourceTree = "<group>";
		};
		A5D5627F1FF2933F0060046F /* DataServices */ = {
			isa = PBXGroup;
			children = (
				A5D562801FF293490060046F /* Request.swift */,
				A5D562821FF293730060046F /* NasaBridge.swift */,
				A5D562841FF296C90060046F /* SessionManager.swift */,
			);
			path = DataServices;
			sourceTree = "<group>";
		};
		A5D562861FF2AAE10060046F /* Models */ = {
			isa = PBXGroup;
			children = (
				A5D562871FF2AAE90060046F /* APOD.swift */,
			);
			path = Models;
			sourceTree = "<group>";
		};
		A5D562891FF3E4190060046F /* ViewModels */ = {
			isa = PBXGroup;
			children = (
				A5D5628A1FF3EB840060046F /* GatewayViewModel.swift */,
			);
			path = ViewModels;
			sourceTree = "<group>";
		};
		A5F341571FF1AF22002D1B67 = {
			isa = PBXGroup;
			children = (
				A5F341621FF1AF22002D1B67 /* ReactiveMVVM */,
				A5F341611FF1AF22002D1B67 /* Products */,
				1FCCF4C90FBA8620AF143C26 /* Pods */,
				5B5010C5F9EE91B7B9BE99CD /* Frameworks */,
			);
			sourceTree = "<group>";
		};
		A5F341611FF1AF22002D1B67 /* Products */ = {
			isa = PBXGroup;
			children = (
				A5F341601FF1AF22002D1B67 /* ReactiveMVVM.app */,
			);
			name = Products;
			sourceTree = "<group>";
		};
		A5F341621FF1AF22002D1B67 /* ReactiveMVVM */ = {
			isa = PBXGroup;
			children = (
				A52DAC2B1FF407D200A87ED6 /* Extensions */,
				A5D562891FF3E4190060046F /* ViewModels */,
				A5D562861FF2AAE10060046F /* Models */,
				A5D5627F1FF2933F0060046F /* DataServices */,
				A5F341631FF1AF22002D1B67 /* AppDelegate.swift */,
				A5F341651FF1AF22002D1B67 /* GatewayViewController.swift */,
				A5F341671FF1AF22002D1B67 /* Main.storyboard */,
				A5F3416A1FF1AF22002D1B67 /* Assets.xcassets */,
				A5F3416C1FF1AF22002D1B67 /* LaunchScreen.storyboard */,
				A5F3416F1FF1AF22002D1B67 /* Info.plist */,
				A5D5628E1FF3F3920060046F /* App.swift */,
			);
			path = ReactiveMVVM;
			sourceTree = "<group>";
		};
/* End PBXGroup section */

/* Begin PBXNativeTarget section */
		A5F3415F1FF1AF22002D1B67 /* ReactiveMVVM */ = {
			isa = PBXNativeTarget;
			buildConfigurationList = A5F341721FF1AF22002D1B67 /* Build configuration list for PBXNativeTarget "ReactiveMVVM" */;
			buildPhases = (
				8AF0B1377127673F3219AD3E /* [CP] Check Pods Manifest.lock */,
				A5F3415C1FF1AF22002D1B67 /* Sources */,
				A5F3415D1FF1AF22002D1B67 /* Frameworks */,
				A5F3415E1FF1AF22002D1B67 /* Resources */,
				4F2D2F3F7818A2E9C35114AF /* [CP] Embed Pods Frameworks */,
				BCF78CE14A04A939BB07D5EE /* [CP] Copy Pods Resources */,
			);
			buildRules = (
			);
			dependencies = (
			);
			name = ReactiveMVVM;
			productName = ReactiveMVVM;
			productReference = A5F341601FF1AF22002D1B67 /* ReactiveMVVM.app */;
			productType = "com.apple.product-type.application";
		};
/* End PBXNativeTarget section */

/* Begin PBXProject section */
		A5F341581FF1AF22002D1B67 /* Project object */ = {
			isa = PBXProject;
			attributes = {
				LastSwiftUpdateCheck = 0920;
				LastUpgradeCheck = 0920;
				ORGANIZATIONNAME = Mehus;
				TargetAttributes = {
					A5F3415F1FF1AF22002D1B67 = {
						CreatedOnToolsVersion = 9.2;
						ProvisioningStyle = Automatic;
					};
				};
			};
			buildConfigurationList = A5F3415B1FF1AF22002D1B67 /* Build configuration list for PBXProject "ReactiveMVVM" */;
			compatibilityVersion = "Xcode 8.0";
			developmentRegion = en;
			hasScannedForEncodings = 0;
			knownRegions = (
				en,
				Base,
			);
			mainGroup = A5F341571FF1AF22002D1B67;
			productRefGroup = A5F341611FF1AF22002D1B67 /* Products */;
			projectDirPath = "";
			projectRoot = "";
			targets = (
				A5F3415F1FF1AF22002D1B67 /* ReactiveMVVM */,
			);
		};
/* End PBXProject section */

/* Begin PBXResourcesBuildPhase section */
		A5F3415E1FF1AF22002D1B67 /* Resources */ = {
			isa = PBXResourcesBuildPhase;
			buildActionMask = 2147483647;
			files = (
				A5F3416E1FF1AF22002D1B67 /* LaunchScreen.storyboard in Resources */,
				A5F3416B1FF1AF22002D1B67 /* Assets.xcassets in Resources */,
				A5F341691FF1AF22002D1B67 /* Main.storyboard in Resources */,
			);
			runOnlyForDeploymentPostprocessing = 0;
		};
/* End PBXResourcesBuildPhase section */

/* Begin PBXShellScriptBuildPhase section */
		4F2D2F3F7818A2E9C35114AF /* [CP] Embed Pods Frameworks */ = {
			isa = PBXShellScriptBuildPhase;
			buildActionMask = 2147483647;
			files = (
			);
			inputPaths = (
				"${SRCROOT}/Pods/Target Support Files/Pods-ReactiveMVVM/Pods-ReactiveMVVM-frameworks.sh",
				"${BUILT_PRODUCTS_DIR}/ReactiveSwift/ReactiveSwift.framework",
				"${BUILT_PRODUCTS_DIR}/Result/Result.framework",
			);
			name = "[CP] Embed Pods Frameworks";
			outputPaths = (
				"${TARGET_BUILD_DIR}/${FRAMEWORKS_FOLDER_PATH}/ReactiveSwift.framework",
				"${TARGET_BUILD_DIR}/${FRAMEWORKS_FOLDER_PATH}/Result.framework",
			);
			runOnlyForDeploymentPostprocessing = 0;
			shellPath = /bin/sh;
			shellScript = "\"${SRCROOT}/Pods/Target Support Files/Pods-ReactiveMVVM/Pods-ReactiveMVVM-frameworks.sh\"\n";
			showEnvVarsInLog = 0;
		};
		8AF0B1377127673F3219AD3E /* [CP] Check Pods Manifest.lock */ = {
			isa = PBXShellScriptBuildPhase;
			buildActionMask = 2147483647;
			files = (
			);
			inputPaths = (
				"${PODS_PODFILE_DIR_PATH}/Podfile.lock",
				"${PODS_ROOT}/Manifest.lock",
			);
			name = "[CP] Check Pods Manifest.lock";
			outputPaths = (
				"$(DERIVED_FILE_DIR)/Pods-ReactiveMVVM-checkManifestLockResult.txt",
			);
			runOnlyForDeploymentPostprocessing = 0;
			shellPath = /bin/sh;
			shellScript = "diff \"${PODS_PODFILE_DIR_PATH}/Podfile.lock\" \"${PODS_ROOT}/Manifest.lock\" > /dev/null\nif [ $? != 0 ] ; then\n    # print error to STDERR\n    echo \"error: The sandbox is not in sync with the Podfile.lock. Run 'pod install' or update your CocoaPods installation.\" >&2\n    exit 1\nfi\n# This output is used by Xcode 'outputs' to avoid re-running this script phase.\necho \"SUCCESS\" > \"${SCRIPT_OUTPUT_FILE_0}\"\n";
			showEnvVarsInLog = 0;
		};
		BCF78CE14A04A939BB07D5EE /* [CP] Copy Pods Resources */ = {
			isa = PBXShellScriptBuildPhase;
			buildActionMask = 2147483647;
			files = (
			);
			inputPaths = (
			);
			name = "[CP] Copy Pods Resources";
			outputPaths = (
			);
			runOnlyForDeploymentPostprocessing = 0;
			shellPath = /bin/sh;
			shellScript = "\"${SRCROOT}/Pods/Target Support Files/Pods-ReactiveMVVM/Pods-ReactiveMVVM-resources.sh\"\n";
			showEnvVarsInLog = 0;
		};
/* End PBXShellScriptBuildPhase section */

/* Begin PBXSourcesBuildPhase section */
		A5F3415C1FF1AF22002D1B67 /* Sources */ = {
			isa = PBXSourcesBuildPhase;
			buildActionMask = 2147483647;
			files = (
				A5D5628B1FF3EB840060046F /* GatewayViewModel.swift in Sources */,
				A5F341661FF1AF22002D1B67 /* GatewayViewController.swift in Sources */,
				A5D562881FF2AAE90060046F /* APOD.swift in Sources */,
				A5D562811FF293490060046F /* Request.swift in Sources */,
				A5D562831FF293730060046F /* NasaBridge.swift in Sources */,
				A5D5628F1FF3F3920060046F /* App.swift in Sources */,
				A5D562851FF296C90060046F /* SessionManager.swift in Sources */,
				A5F341641FF1AF22002D1B67 /* AppDelegate.swift in Sources */,
				A52DAC2D1FF407E000A87ED6 /* DateFormatter+Extensions.swift in Sources */,
			);
			runOnlyForDeploymentPostprocessing = 0;
		};
/* End PBXSourcesBuildPhase section */

/* Begin PBXVariantGroup section */
		A5F341671FF1AF22002D1B67 /* Main.storyboard */ = {
			isa = PBXVariantGroup;
			children = (
				A5F341681FF1AF22002D1B67 /* Base */,
			);
			name = Main.storyboard;
			sourceTree = "<group>";
		};
		A5F3416C1FF1AF22002D1B67 /* LaunchScreen.storyboard */ = {
			isa = PBXVariantGroup;
			children = (
				A5F3416D1FF1AF22002D1B67 /* Base */,
			);
			name = LaunchScreen.storyboard;
			sourceTree = "<group>";
		};
/* End PBXVariantGroup section */

/* Begin XCBuildConfiguration section */
		A5F341701FF1AF22002D1B67 /* Debug */ = {
			isa = XCBuildConfiguration;
			buildSettings = {
				ALWAYS_SEARCH_USER_PATHS = NO;
				CLANG_ANALYZER_NONNULL = YES;
				CLANG_ANALYZER_NUMBER_OBJECT_CONVERSION = YES_AGGRESSIVE;
				CLANG_CXX_LANGUAGE_STANDARD = "gnu++14";
				CLANG_CXX_LIBRARY = "libc++";
				CLANG_ENABLE_MODULES = YES;
				CLANG_ENABLE_OBJC_ARC = YES;
				CLANG_WARN_BLOCK_CAPTURE_AUTORELEASING = YES;
				CLANG_WARN_BOOL_CONVERSION = YES;
				CLANG_WARN_COMMA = YES;
				CLANG_WARN_CONSTANT_CONVERSION = YES;
				CLANG_WARN_DIRECT_OBJC_ISA_USAGE = YES_ERROR;
				CLANG_WARN_DOCUMENTATION_COMMENTS = YES;
				CLANG_WARN_EMPTY_BODY = YES;
				CLANG_WARN_ENUM_CONVERSION = YES;
				CLANG_WARN_INFINITE_RECURSION = YES;
				CLANG_WARN_INT_CONVERSION = YES;
				CLANG_WARN_NON_LITERAL_NULL_CONVERSION = YES;
				CLANG_WARN_OBJC_LITERAL_CONVERSION = YES;
				CLANG_WARN_OBJC_ROOT_CLASS = YES_ERROR;
				CLANG_WARN_RANGE_LOOP_ANALYSIS = YES;
				CLANG_WARN_STRICT_PROTOTYPES = YES;
				CLANG_WARN_SUSPICIOUS_MOVE = YES;
				CLANG_WARN_UNGUARDED_AVAILABILITY = YES_AGGRESSIVE;
				CLANG_WARN_UNREACHABLE_CODE = YES;
				CLANG_WARN__DUPLICATE_METHOD_MATCH = YES;
				CODE_SIGN_IDENTITY = "iPhone Developer";
				COPY_PHASE_STRIP = NO;
				DEBUG_INFORMATION_FORMAT = dwarf;
				ENABLE_STRICT_OBJC_MSGSEND = YES;
				ENABLE_TESTABILITY = YES;
				GCC_C_LANGUAGE_STANDARD = gnu11;
				GCC_DYNAMIC_NO_PIC = NO;
				GCC_NO_COMMON_BLOCKS = YES;
				GCC_OPTIMIZATION_LEVEL = 0;
				GCC_PREPROCESSOR_DEFINITIONS = (
					"DEBUG=1",
					"$(inherited)",
				);
				GCC_WARN_64_TO_32_BIT_CONVERSION = YES;
				GCC_WARN_ABOUT_RETURN_TYPE = YES_ERROR;
				GCC_WARN_UNDECLARED_SELECTOR = YES;
				GCC_WARN_UNINITIALIZED_AUTOS = YES_AGGRESSIVE;
				GCC_WARN_UNUSED_FUNCTION = YES;
				GCC_WARN_UNUSED_VARIABLE = YES;
				IPHONEOS_DEPLOYMENT_TARGET = 11.2;
				MTL_ENABLE_DEBUG_INFO = YES;
				ONLY_ACTIVE_ARCH = YES;
				SDKROOT = iphoneos;
				SWIFT_ACTIVE_COMPILATION_CONDITIONS = DEBUG;
				SWIFT_OPTIMIZATION_LEVEL = "-Onone";
			};
			name = Debug;
		};
		A5F341711FF1AF22002D1B67 /* Release */ = {
			isa = XCBuildConfiguration;
			buildSettings = {
				ALWAYS_SEARCH_USER_PATHS = NO;
				CLANG_ANALYZER_NONNULL = YES;
				CLANG_ANALYZER_NUMBER_OBJECT_CONVERSION = YES_AGGRESSIVE;
				CLANG_CXX_LANGUAGE_STANDARD = "gnu++14";
				CLANG_CXX_LIBRARY = "libc++";
				CLANG_ENABLE_MODULES = YES;
				CLANG_ENABLE_OBJC_ARC = YES;
				CLANG_WARN_BLOCK_CAPTURE_AUTORELEASING = YES;
				CLANG_WARN_BOOL_CONVERSION = YES;
				CLANG_WARN_COMMA = YES;
				CLANG_WARN_CONSTANT_CONVERSION = YES;
				CLANG_WARN_DIRECT_OBJC_ISA_USAGE = YES_ERROR;
				CLANG_WARN_DOCUMENTATION_COMMENTS = YES;
				CLANG_WARN_EMPTY_BODY = YES;
				CLANG_WARN_ENUM_CONVERSION = YES;
				CLANG_WARN_INFINITE_RECURSION = YES;
				CLANG_WARN_INT_CONVERSION = YES;
				CLANG_WARN_NON_LITERAL_NULL_CONVERSION = YES;
				CLANG_WARN_OBJC_LITERAL_CONVERSION = YES;
				CLANG_WARN_OBJC_ROOT_CLASS = YES_ERROR;
				CLANG_WARN_RANGE_LOOP_ANALYSIS = YES;
				CLANG_WARN_STRICT_PROTOTYPES = YES;
				CLANG_WARN_SUSPICIOUS_MOVE = YES;
				CLANG_WARN_UNGUARDED_AVAILABILITY = YES_AGGRESSIVE;
				CLANG_WARN_UNREACHABLE_CODE = YES;
				CLANG_WARN__DUPLICATE_METHOD_MATCH = YES;
				CODE_SIGN_IDENTITY = "iPhone Developer";
				COPY_PHASE_STRIP = NO;
				DEBUG_INFORMATION_FORMAT = "dwarf-with-dsym";
				ENABLE_NS_ASSERTIONS = NO;
				ENABLE_STRICT_OBJC_MSGSEND = YES;
				GCC_C_LANGUAGE_STANDARD = gnu11;
				GCC_NO_COMMON_BLOCKS = YES;
				GCC_WARN_64_TO_32_BIT_CONVERSION = YES;
				GCC_WARN_ABOUT_RETURN_TYPE = YES_ERROR;
				GCC_WARN_UNDECLARED_SELECTOR = YES;
				GCC_WARN_UNINITIALIZED_AUTOS = YES_AGGRESSIVE;
				GCC_WARN_UNUSED_FUNCTION = YES;
				GCC_WARN_UNUSED_VARIABLE = YES;
				IPHONEOS_DEPLOYMENT_TARGET = 11.2;
				MTL_ENABLE_DEBUG_INFO = NO;
				SDKROOT = iphoneos;
				SWIFT_OPTIMIZATION_LEVEL = "-Owholemodule";
				VALIDATE_PRODUCT = YES;
			};
			name = Release;
		};
		A5F341731FF1AF22002D1B67 /* Debug */ = {
			isa = XCBuildConfiguration;
			baseConfigurationReference = EAFF510ADC06DE0F96476547 /* Pods-ReactiveMVVM.debug.xcconfig */;
			buildSettings = {
				ASSETCATALOG_COMPILER_APPICON_NAME = AppIcon;
				CODE_SIGN_STYLE = Automatic;
				DEVELOPMENT_TEAM = 4HWQ95CTCF;
				INFOPLIST_FILE = ReactiveMVVM/Info.plist;
				LD_RUNPATH_SEARCH_PATHS = "$(inherited) @executable_path/Frameworks";
				PRODUCT_BUNDLE_IDENTIFIER = com.mehus.ReactiveMVVM;
				PRODUCT_NAME = "$(TARGET_NAME)";
				SWIFT_OPTIMIZATION_LEVEL = "-Onone";
				SWIFT_VERSION = 4.0;
				TARGETED_DEVICE_FAMILY = "1,2";
			};
			name = Debug;
		};
		A5F341741FF1AF22002D1B67 /* Release */ = {
			isa = XCBuildConfiguration;
			baseConfigurationReference = F344304E9CB8965E9DA96AA9 /* Pods-ReactiveMVVM.release.xcconfig */;
			buildSettings = {
				ASSETCATALOG_COMPILER_APPICON_NAME = AppIcon;
				CODE_SIGN_STYLE = Automatic;
				DEVELOPMENT_TEAM = 4HWQ95CTCF;
				INFOPLIST_FILE = ReactiveMVVM/Info.plist;
				LD_RUNPATH_SEARCH_PATHS = "$(inherited) @executable_path/Frameworks";
				PRODUCT_BUNDLE_IDENTIFIER = com.mehus.ReactiveMVVM;
				PRODUCT_NAME = "$(TARGET_NAME)";
				SWIFT_VERSION = 4.0;
				TARGETED_DEVICE_FAMILY = "1,2";
			};
			name = Release;
		};
/* End XCBuildConfiguration section */

/* Begin XCConfigurationList section */
		A5F3415B1FF1AF22002D1B67 /* Build configuration list for PBXProject "ReactiveMVVM" */ = {
			isa = XCConfigurationList;
			buildConfigurations = (
				A5F341701FF1AF22002D1B67 /* Debug */,
				A5F341711FF1AF22002D1B67 /* Release */,
			);
			defaultConfigurationIsVisible = 0;
			defaultConfigurationName = Release;
		};
		A5F341721FF1AF22002D1B67 /* Build configuration list for PBXNativeTarget "ReactiveMVVM" */ = {
			isa = XCConfigurationList;
			buildConfigurations = (
				A5F341731FF1AF22002D1B67 /* Debug */,
				A5F341741FF1AF22002D1B67 /* Release */,
			);
			defaultConfigurationIsVisible = 0;
			defaultConfigurationName = Release;
		};
/* End XCConfigurationList section */
	};
	rootObject = A5F341581FF1AF22002D1B67 /* Project object */;
}
